
Microsoft Visual Studio Solution File, Format Version 12.00
# Visual Studio Version 16
VisualStudioVersion = 16.0.29509.3
MinimumVisualStudioVersion = 10.0.40219.1
Project("{FAE04EC0-301F-11D3-BF4B-00C04F79EFBC}") = "WinLinkLable", "WinLinkLable\WinLinkLable.csproj", "{9EBB8356-10D4-4371-9BB6-1AEE1B446897}"
EndProject
Global
	GlobalSection(SolutionConfigurationPlatforms) = preSolution
		Debug|Any CPU = Debug|Any CPU
		Release|Any CPU = Release|Any CPU
	EndGlobalSection
	GlobalSection(ProjectConfigurationPlatforms) = postSolution
		{9EBB8356-10D4-4371-9BB6-1AEE1B446897}.Debug|Any CPU.ActiveCfg = Debug|Any CPU
		{9EBB8356-10D4-4371-9BB6-1AEE1B446897}.Debug|Any CPU.Build.0 = Debug|Any CPU
		{9EBB8356-10D4-4371-9BB6-1AEE1B446897}.Release|Any CPU.ActiveCfg = Release|Any CPU
		{9EBB8356-10D4-4371-9BB6-1AEE1B446897}.Release|Any CPU.Build.0 = Release|Any CPU
	EndGlobalSection
	GlobalSection(SolutionProperties) = preSolution
		HideSolutionNode = FALSE
	EndGlobalSection
	GlobalSection(ExtensibilityGlobals) = postSolution
		SolutionGuid = {855DA78C-3FC1-46E6-8CA3-F9F2EDCB5796}
	EndGlobalSection
EndGlobal
