
Microsoft Visual Studio Solution File, Format Version 12.00
# Visual Studio Version 16
VisualStudioVersion = 16.0.29509.3
MinimumVisualStudioVersion = 10.0.40219.1
Project("{FAE04EC0-301F-11D3-BF4B-00C04F79EFBC}") = "WinContainer", "WinContainer\WinContainer.csproj", "{671BFEB5-7507-4A67-ADF6-287C81F3D80A}"
EndProject
Global
	GlobalSection(SolutionConfigurationPlatforms) = preSolution
		Debug|Any CPU = Debug|Any CPU
		Release|Any CPU = Release|Any CPU
	EndGlobalSection
	GlobalSection(ProjectConfigurationPlatforms) = postSolution
		{671BFEB5-7507-4A67-ADF6-287C81F3D80A}.Debug|Any CPU.ActiveCfg = Debug|Any CPU
		{671BFEB5-7507-4A67-ADF6-287C81F3D80A}.Debug|Any CPU.Build.0 = Debug|Any CPU
		{671BFEB5-7507-4A67-ADF6-287C81F3D80A}.Release|Any CPU.ActiveCfg = Release|Any CPU
		{671BFEB5-7507-4A67-ADF6-287C81F3D80A}.Release|Any CPU.Build.0 = Release|Any CPU
	EndGlobalSection
	GlobalSection(SolutionProperties) = preSolution
		HideSolutionNode = FALSE
	EndGlobalSection
	GlobalSection(ExtensibilityGlobals) = postSolution
		SolutionGuid = {134C2D00-5BCD-4A02-A22D-6026CA971033}
	EndGlobalSection
EndGlobal
